// !$*UTF8*$!
{
	archiveVersion = 1;
	classes = {
	};
	objectVersion = 46;
	objects = {

/* Begin PBXBuildFile section */
		6063715F172D94FB00498C40 /* Cocoa.framework in Frameworks */ = {isa = PBXBuildFile; fileRef = 6063715E172D94FB00498C40 /* Cocoa.framework */; };
		60637161172D94FB00498C40 /* MacRuby.framework in Frameworks */ = {isa = PBXBuildFile; fileRef = 60637160172D94FB00498C40 /* MacRuby.framework */; };
		6063716A172D94FB00498C40 /* InfoPlist.strings in Resources */ = {isa = PBXBuildFile; fileRef = 60637168172D94FB00498C40 /* InfoPlist.strings */; };
		6063716C172D94FB00498C40 /* main.m in Sources */ = {isa = PBXBuildFile; fileRef = 6063716B172D94FB00498C40 /* main.m */; };
		60637171172D94FB00498C40 /* MainMenu.xib in Resources */ = {isa = PBXBuildFile; fileRef = 6063716F172D94FB00498C40 /* MainMenu.xib */; };
		60637174172D94FB00498C40 /* rb_main.rb in Resources */ = {isa = PBXBuildFile; fileRef = 60637173172D94FB00498C40 /* rb_main.rb */; };
		60637176172D94FB00498C40 /* AppDelegate.rb in Resources */ = {isa = PBXBuildFile; fileRef = 60637175172D94FB00498C40 /* AppDelegate.rb */; };
/* End PBXBuildFile section */

/* Begin PBXContainerItemProxy section */
		60637163172D94FB00498C40 /* PBXContainerItemProxy */ = {
			isa = PBXContainerItemProxy;
			containerPortal = 60637153172D94FB00498C40 /* Project object */;
			proxyType = 1;
			remoteGlobalIDString = 6063715A172D94FB00498C40;
			remoteInfo = "real-mayo";
		};
/* End PBXContainerItemProxy section */

/* Begin PBXFileReference section */
		6063715B172D94FB00498C40 /* real-mayo.app */ = {isa = PBXFileReference; explicitFileType = wrapper.application; includeInIndex = 0; path = "real-mayo.app"; sourceTree = BUILT_PRODUCTS_DIR; };
		6063715E172D94FB00498C40 /* Cocoa.framework */ = {isa = PBXFileReference; lastKnownFileType = wrapper.framework; name = Cocoa.framework; path = System/Library/Frameworks/Cocoa.framework; sourceTree = SDKROOT; };
		60637160172D94FB00498C40 /* MacRuby.framework */ = {isa = PBXFileReference; lastKnownFileType = wrapper.framework; name = MacRuby.framework; path = Library/Frameworks/MacRuby.framework; sourceTree = DEVELOPER_DIR; };
		60637167172D94FB00498C40 /* real-mayo-Info.plist */ = {isa = PBXFileReference; lastKnownFileType = text.plist.xml; path = "real-mayo-Info.plist"; sourceTree = "<group>"; };
		60637169172D94FB00498C40 /* en */ = {isa = PBXFileReference; lastKnownFileType = text.plist.strings; name = en; path = en.lproj/InfoPlist.strings; sourceTree = "<group>"; };
		6063716B172D94FB00498C40 /* main.m */ = {isa = PBXFileReference; lastKnownFileType = sourcecode.c.objc; path = main.m; sourceTree = "<group>"; };
		6063716D172D94FB00498C40 /* real-mayo-Prefix.pch */ = {isa = PBXFileReference; lastKnownFileType = sourcecode.c.h; path = "real-mayo-Prefix.pch"; sourceTree = "<group>"; };
		60637170172D94FB00498C40 /* en */ = {isa = PBXFileReference; lastKnownFileType = file.xib; name = en; path = en.lproj/MainMenu.xib; sourceTree = "<group>"; };
		60637173172D94FB00498C40 /* rb_main.rb */ = {isa = PBXFileReference; lastKnownFileType = text.script.ruby; path = rb_main.rb; sourceTree = "<group>"; };
		60637175172D94FB00498C40 /* AppDelegate.rb */ = {isa = PBXFileReference; lastKnownFileType = text.script.ruby; path = AppDelegate.rb; sourceTree = "<group>"; };
/* End PBXFileReference section */

/* Begin PBXFrameworksBuildPhase section */
		60637158172D94FB00498C40 /* Frameworks */ = {
			isa = PBXFrameworksBuildPhase;
			buildActionMask = 2147483647;
			files = (
				6063715F172D94FB00498C40 /* Cocoa.framework in Frameworks */,
				60637161172D94FB00498C40 /* MacRuby.framework in Frameworks */,
			);
			runOnlyForDeploymentPostprocessing = 0;
		};
/* End PBXFrameworksBuildPhase section */

/* Begin PBXGroup section */
		60637152172D94FB00498C40 = {
			isa = PBXGroup;
			children = (
				60637165172D94FB00498C40 /* real-mayo */,
				6063715D172D94FB00498C40 /* Frameworks */,
				6063715C172D94FB00498C40 /* Products */,
			);
			sourceTree = "<group>";
		};
		6063715C172D94FB00498C40 /* Products */ = {
			isa = PBXGroup;
			children = (
				6063715B172D94FB00498C40 /* real-mayo.app */,
			);
			name = Products;
			sourceTree = "<group>";
		};
		6063715D172D94FB00498C40 /* Frameworks */ = {
			isa = PBXGroup;
			children = (
				6063715E172D94FB00498C40 /* Cocoa.framework */,
				60637160172D94FB00498C40 /* MacRuby.framework */,
			);
			name = Frameworks;
			sourceTree = "<group>";
		};
		60637165172D94FB00498C40 /* real-mayo */ = {
			isa = PBXGroup;
			children = (
				60637175172D94FB00498C40 /* AppDelegate.rb */,
				6063716E172D94FB00498C40 /* Resources */,
				60637172172D94FB00498C40 /* Other Sources */,
				60637166172D94FB00498C40 /* Supporting Files */,
			);
			path = "real-mayo";
			sourceTree = "<group>";
		};
		60637166172D94FB00498C40 /* Supporting Files */ = {
			isa = PBXGroup;
			children = (
				60637167172D94FB00498C40 /* real-mayo-Info.plist */,
				60637168172D94FB00498C40 /* InfoPlist.strings */,
				6063716B172D94FB00498C40 /* main.m */,
				6063716D172D94FB00498C40 /* real-mayo-Prefix.pch */,
			);
			name = "Supporting Files";
			sourceTree = "<group>";
		};
		6063716E172D94FB00498C40 /* Resources */ = {
			isa = PBXGroup;
			children = (
				6063716F172D94FB00498C40 /* MainMenu.xib */,
			);
			name = Resources;
			sourceTree = "<group>";
		};
		60637172172D94FB00498C40 /* Other Sources */ = {
			isa = PBXGroup;
			children = (
				60637173172D94FB00498C40 /* rb_main.rb */,
			);
			name = "Other Sources";
			sourceTree = "<group>";
		};
/* End PBXGroup section */

/* Begin PBXLegacyTarget section */
		60637162172D94FB00498C40 /* Deployment */ = {
			isa = PBXLegacyTarget;
			buildArgumentsString = "--compile --embed";
			buildConfigurationList = 6063717C172D94FB00498C40 /* Build configuration list for PBXLegacyTarget "Deployment" */;
			buildPhases = (
			);
			buildToolPath = /usr/local/bin/macruby_deploy;
			dependencies = (
				60637164172D94FB00498C40 /* PBXTargetDependency */,
			);
			name = Deployment;
			passBuildSettingsInEnvironment = 1;
			productName = Deployment;
		};
/* End PBXLegacyTarget section */

/* Begin PBXNativeTarget section */
		6063715A172D94FB00498C40 /* real-mayo */ = {
			isa = PBXNativeTarget;
			buildConfigurationList = 60637179172D94FB00498C40 /* Build configuration list for PBXNativeTarget "real-mayo" */;
			buildPhases = (
				60637157172D94FB00498C40 /* Sources */,
				60637158172D94FB00498C40 /* Frameworks */,
				60637159172D94FB00498C40 /* Resources */,
			);
			buildRules = (
			);
			dependencies = (
			);
			name = "real-mayo";
			productName = "real-mayo";
			productReference = 6063715B172D94FB00498C40 /* real-mayo.app */;
			productType = "com.apple.product-type.application";
		};
/* End PBXNativeTarget section */

/* Begin PBXProject section */
		60637153172D94FB00498C40 /* Project object */ = {
			isa = PBXProject;
			attributes = {
				LastUpgradeCheck = 0460;
				ORGANIZATIONNAME = adorechic;
			};
			buildConfigurationList = 60637156172D94FB00498C40 /* Build configuration list for PBXProject "real-mayo" */;
			compatibilityVersion = "Xcode 3.2";
			developmentRegion = English;
			hasScannedForEncodings = 0;
			knownRegions = (
				en,
			);
			mainGroup = 60637152172D94FB00498C40;
			productRefGroup = 6063715C172D94FB00498C40 /* Products */;
			projectDirPath = "";
			projectRoot = "";
			targets = (
				6063715A172D94FB00498C40 /* real-mayo */,
				60637162172D94FB00498C40 /* Deployment */,
			);
		};
/* End PBXProject section */

/* Begin PBXResourcesBuildPhase section */
		60637159172D94FB00498C40 /* Resources */ = {
			isa = PBXResourcesBuildPhase;
			buildActionMask = 2147483647;
			files = (
				6063716A172D94FB00498C40 /* InfoPlist.strings in Resources */,
				60637171172D94FB00498C40 /* MainMenu.xib in Resources */,
				60637174172D94FB00498C40 /* rb_main.rb in Resources */,
				60637176172D94FB00498C40 /* AppDelegate.rb in Resources */,
			);
			runOnlyForDeploymentPostprocessing = 0;
		};
/* End PBXResourcesBuildPhase section */

/* Begin PBXSourcesBuildPhase section */
		60637157172D94FB00498C40 /* Sources */ = {
			isa = PBXSourcesBuildPhase;
			buildActionMask = 2147483647;
			files = (
				6063716C172D94FB00498C40 /* main.m in Sources */,
			);
			runOnlyForDeploymentPostprocessing = 0;
		};
/* End PBXSourcesBuildPhase section */

/* Begin PBXTargetDependency section */
		60637164172D94FB00498C40 /* PBXTargetDependency */ = {
			isa = PBXTargetDependency;
			target = 6063715A172D94FB00498C40 /* real-mayo */;
			targetProxy = 60637163172D94FB00498C40 /* PBXContainerItemProxy */;
		};
/* End PBXTargetDependency section */

/* Begin PBXVariantGroup section */
		60637168172D94FB00498C40 /* InfoPlist.strings */ = {
			isa = PBXVariantGroup;
			children = (
				60637169172D94FB00498C40 /* en */,
			);
			name = InfoPlist.strings;
			sourceTree = "<group>";
		};
		6063716F172D94FB00498C40 /* MainMenu.xib */ = {
			isa = PBXVariantGroup;
			children = (
				60637170172D94FB00498C40 /* en */,
			);
			name = MainMenu.xib;
			sourceTree = "<group>";
		};
/* End PBXVariantGroup section */

/* Begin XCBuildConfiguration section */
		60637177172D94FB00498C40 /* Debug */ = {
			isa = XCBuildConfiguration;
			buildSettings = {
				ALWAYS_SEARCH_USER_PATHS = NO;
				ARCHS = "$(ARCHS_STANDARD_64_BIT)";
				CLANG_CXX_LANGUAGE_STANDARD = "gnu++0x";
				CLANG_CXX_LIBRARY = "libc++";
				CLANG_WARN_CONSTANT_CONVERSION = YES;
				CLANG_WARN_EMPTY_BODY = YES;
				CLANG_WARN_ENUM_CONVERSION = YES;
				CLANG_WARN_INT_CONVERSION = YES;
				CLANG_WARN__DUPLICATE_METHOD_MATCH = YES;
				COPY_PHASE_STRIP = NO;
				GCC_C_LANGUAGE_STANDARD = gnu99;
				GCC_DYNAMIC_NO_PIC = NO;
				GCC_ENABLE_OBJC_EXCEPTIONS = YES;
				GCC_OPTIMIZATION_LEVEL = 0;
				GCC_PREPROCESSOR_DEFINITIONS = (
					"DEBUG=1",
					"$(inherited)",
				);
				GCC_SYMBOLS_PRIVATE_EXTERN = NO;
				GCC_WARN_64_TO_32_BIT_CONVERSION = YES;
				GCC_WARN_ABOUT_RETURN_TYPE = YES;
				GCC_WARN_UNINITIALIZED_AUTOS = YES;
				GCC_WARN_UNUSED_VARIABLE = YES;
				MACOSX_DEPLOYMENT_TARGET = 10.8;
				ONLY_ACTIVE_ARCH = YES;
				SDKROOT = macosx;
			};
			name = Debug;
		};
		60637178172D94FB00498C40 /* Release */ = {
			isa = XCBuildConfiguration;
			buildSettings = {
				ALWAYS_SEARCH_USER_PATHS = NO;
				ARCHS = "$(ARCHS_STANDARD_64_BIT)";
				CLANG_CXX_LANGUAGE_STANDARD = "gnu++0x";
				CLANG_CXX_LIBRARY = "libc++";
				CLANG_WARN_CONSTANT_CONVERSION = YES;
				CLANG_WARN_EMPTY_BODY = YES;
				CLANG_WARN_ENUM_CONVERSION = YES;
				CLANG_WARN_INT_CONVERSION = YES;
				CLANG_WARN__DUPLICATE_METHOD_MATCH = YES;
				COPY_PHASE_STRIP = YES;
				DEBUG_INFORMATION_FORMAT = "dwarf-with-dsym";
				GCC_C_LANGUAGE_STANDARD = gnu99;
				GCC_ENABLE_OBJC_EXCEPTIONS = YES;
				GCC_WARN_64_TO_32_BIT_CONVERSION = YES;
				GCC_WARN_ABOUT_RETURN_TYPE = YES;
				GCC_WARN_UNINITIALIZED_AUTOS = YES;
				GCC_WARN_UNUSED_VARIABLE = YES;
				MACOSX_DEPLOYMENT_TARGET = 10.8;
				SDKROOT = macosx;
			};
			name = Release;
		};
		6063717A172D94FB00498C40 /* Debug */ = {
			isa = XCBuildConfiguration;
			buildSettings = {
				ARCHS = x86_64;
				FRAMEWORK_SEARCH_PATHS = (
					"$(inherited)",
					"\"$(SYSTEM_APPS_DIR)/Xcode.app/Contents/Developer/Library/Frameworks\"",
				);
				GCC_ENABLE_OBJC_GC = required;
				GCC_PRECOMPILE_PREFIX_HEADER = YES;
				GCC_PREFIX_HEADER = "real-mayo/real-mayo-Prefix.pch";
				INFOPLIST_FILE = "real-mayo/real-mayo-Info.plist";
				PRODUCT_NAME = "$(TARGET_NAME)";
				WRAPPER_EXTENSION = app;
			};
			name = Debug;
		};
		6063717B172D94FB00498C40 /* Release */ = {
			isa = XCBuildConfiguration;
			buildSettings = {
				ARCHS = x86_64;
				FRAMEWORK_SEARCH_PATHS = (
					"$(inherited)",
					"\"$(SYSTEM_APPS_DIR)/Xcode.app/Contents/Developer/Library/Frameworks\"",
				);
				GCC_ENABLE_OBJC_GC = required;
				GCC_PRECOMPILE_PREFIX_HEADER = YES;
				GCC_PREFIX_HEADER = "real-mayo/real-mayo-Prefix.pch";
				INFOPLIST_FILE = "real-mayo/real-mayo-Info.plist";
				PRODUCT_NAME = "$(TARGET_NAME)";
				WRAPPER_EXTENSION = app;
			};
			name = Release;
		};
		6063717D172D94FB00498C40 /* Debug */ = {
			isa = XCBuildConfiguration;
			buildSettings = {
			};
			name = Debug;
		};
		6063717E172D94FB00498C40 /* Release */ = {
			isa = XCBuildConfiguration;
			buildSettings = {
			};
			name = Release;
		};
/* End XCBuildConfiguration section */

/* Begin XCConfigurationList section */
		60637156172D94FB00498C40 /* Build configuration list for PBXProject "real-mayo" */ = {
			isa = XCConfigurationList;
			buildConfigurations = (
				60637177172D94FB00498C40 /* Debug */,
				60637178172D94FB00498C40 /* Release */,
			);
			defaultConfigurationIsVisible = 0;
			defaultConfigurationName = Release;
		};
		60637179172D94FB00498C40 /* Build configuration list for PBXNativeTarget "real-mayo" */ = {
			isa = XCConfigurationList;
			buildConfigurations = (
				6063717A172D94FB00498C40 /* Debug */,
				6063717B172D94FB00498C40 /* Release */,
			);
			defaultConfigurationIsVisible = 0;
		};
		6063717C172D94FB00498C40 /* Build configuration list for PBXLegacyTarget "Deployment" */ = {
			isa = XCConfigurationList;
			buildConfigurations = (
				6063717D172D94FB00498C40 /* Debug */,
				6063717E172D94FB00498C40 /* Release */,
			);
			defaultConfigurationIsVisible = 0;
		};
/* End XCConfigurationList section */
	};
	rootObject = 60637153172D94FB00498C40 /* Project object */;
}
